
Microsoft Visual Studio Solution File, Format Version 12.00
# Visual Studio Version 16
VisualStudioVersion = 16.0.31729.503
MinimumVisualStudioVersion = 10.0.40219.1
Project("{FAE04EC0-301F-11D3-BF4B-00C04F79EFBC}") = "SecurePassword", "SecurePassword\SecurePassword.csproj", "{5E2C58A3-784E-446A-85E7-886C9F66C672}"
EndProject
Global
	GlobalSection(SolutionConfigurationPlatforms) = preSolution
		Debug|Any CPU = Debug|Any CPU
		Release|Any CPU = Release|Any CPU
	EndGlobalSection
	GlobalSection(ProjectConfigurationPlatforms) = postSolution
		{5E2C58A3-784E-446A-85E7-886C9F66C672}.Debug|Any CPU.ActiveCfg = Debug|Any CPU
		{5E2C58A3-784E-446A-85E7-886C9F66C672}.Debug|Any CPU.Build.0 = Debug|Any CPU
		{5E2C58A3-784E-446A-85E7-886C9F66C672}.Release|Any CPU.ActiveCfg = Release|Any CPU
		{5E2C58A3-784E-446A-85E7-886C9F66C672}.Release|Any CPU.Build.0 = Release|Any CPU
	EndGlobalSection
	GlobalSection(SolutionProperties) = preSolution
		HideSolutionNode = FALSE
	EndGlobalSection
	GlobalSection(ExtensibilityGlobals) = postSolution
		SolutionGuid = {E355EA90-4424-45D4-BF79-ACA4EB499B52}
	EndGlobalSection
EndGlobal
